
Microsoft Visual Studio Solution File, Format Version 12.00
# Visual Studio Version 16
VisualStudioVersion = 16.0.31702.278
MinimumVisualStudioVersion = 10.0.40219.1
Project("{888888A0-9F3D-457C-B088-3A5042F75D52}") = "Floor_Planing_Project", "Floor_Planing_Project.pyproj", "{D56B741C-6BA5-4B58-B794-909A415AD019}"
EndProject
Global
	GlobalSection(SolutionConfigurationPlatforms) = preSolution
		Debug|Any CPU = Debug|Any CPU
		Release|Any CPU = Release|Any CPU
	EndGlobalSection
	GlobalSection(ProjectConfigurationPlatforms) = postSolution
		{D56B741C-6BA5-4B58-B794-909A415AD019}.Debug|Any CPU.ActiveCfg = Debug|Any CPU
		{D56B741C-6BA5-4B58-B794-909A415AD019}.Release|Any CPU.ActiveCfg = Release|Any CPU
	EndGlobalSection
	GlobalSection(SolutionProperties) = preSolution
		HideSolutionNode = FALSE
	EndGlobalSection
	GlobalSection(ExtensibilityGlobals) = postSolution
		SolutionGuid = {ED7A21BA-CC0B-47AF-93B8-1889365E6BC0}
	EndGlobalSection
EndGlobal
